{
  "name": "oogy-cutscene",
  "version": "0.1.0",
  "lockfileVersion": 2,
  "requires": true,
  "packages": {
    "": {
      "name": "oogy-cutscene",
      "version": "0.1.0",
      "license": "MIT",
      "devDependencies": {
        "typescript": "^4.7.0-dev.20220401"
      }
    },
    "node_modules/typescript": {
      "version": "4.7.0-dev.20220428",
      "resolved": "https://registry.npmjs.org/typescript/-/typescript-4.7.0-dev.20220428.tgz",
      "integrity": "sha512-72LpPWZxXbshZdxGwmvF95l0dBy00niR4vMkRDTE7VC29NOpSl9mMAWrfmATztVUh+kEMBRKW1l+4pTmIWSptA==",
      "dev": true,
      "bin": {
        "tsc": "bin/tsc",
        "tsserver": "bin/tsserver"
      },
      "engines": {
        "node": ">=4.2.0"
      }
    }
  },
  "dependencies": {
    "typescript": {
      "version": "4.7.0-dev.20220428",
      "resolved": "https://registry.npmjs.org/typescript/-/typescript-4.7.0-dev.20220428.tgz",
      "integrity": "sha512-72LpPWZxXbshZdxGwmvF95l0dBy00niR4vMkRDTE7VC29NOpSl9mMAWrfmATztVUh+kEMBRKW1l+4pTmIWSptA==",
      "dev": true
    }
  }
}
